
Microsoft Visual Studio Solution File, Format Version 12.00
# Visual Studio Version 17
VisualStudioVersion = 17.1.32414.318
MinimumVisualStudioVersion = 10.0.40219.1
Project("{9A19103F-16F7-4668-BE54-9A1E7A4F7556}") = "JagRemap", "JagRemap.csproj", "{6A86C863-A562-4532-81BE-EB9C9E98E8CA}"
EndProject
Global
	GlobalSection(SolutionConfigurationPlatforms) = preSolution
		Debug|Any CPU = Debug|Any CPU
		Release|Any CPU = Release|Any CPU
	EndGlobalSection
	GlobalSection(ProjectConfigurationPlatforms) = postSolution
		{6A86C863-A562-4532-81BE-EB9C9E98E8CA}.Debug|Any CPU.ActiveCfg = Debug|Any CPU
		{6A86C863-A562-4532-81BE-EB9C9E98E8CA}.Debug|Any CPU.Build.0 = Debug|Any CPU
		{6A86C863-A562-4532-81BE-EB9C9E98E8CA}.Release|Any CPU.ActiveCfg = Release|Any CPU
		{6A86C863-A562-4532-81BE-EB9C9E98E8CA}.Release|Any CPU.Build.0 = Release|Any CPU
	EndGlobalSection
	GlobalSection(SolutionProperties) = preSolution
		HideSolutionNode = FALSE
	EndGlobalSection
	GlobalSection(ExtensibilityGlobals) = postSolution
		SolutionGuid = {B5E0A93A-4716-4C61-AF1D-6984FB7DC5A0}
	EndGlobalSection
EndGlobal
